{
  "version": 4,
  "terraform_version": "1.5.2",
  "serial": 55,
  "lineage": "d7f09f05-e775-cfdb-1bc6-4ec267a3af8b",
  "outputs": {},
  "resources": [
    {
      "mode": "managed",
      "type": "azurerm_network_interface",
      "name": "nic",
      "provider": "provider[\"registry.terraform.io/hashicorp/azurerm\"]",
      "instances": [
        {
          "schema_version": 0,
          "attributes": {
            "applied_dns_servers": [],
            "dns_servers": [],
            "edge_zone": "",
            "enable_accelerated_networking": false,
            "enable_ip_forwarding": false,
            "id": "/subscriptions/6f776ec4-6dc5-40b9-9eab-76aee8e4ebf7/resourceGroups/rg-djordje-terraform-practice/providers/Microsoft.Network/networkInterfaces/vm-linux-terraform-practice840",
            "internal_dns_name_label": "",
            "internal_domain_name_suffix": "0mubjizmljcu1ndcd01m3ovq5g.ax.internal.cloudapp.net",
            "ip_configuration": [
              {
                "gateway_load_balancer_frontend_ip_configuration_id": "",
                "name": "subnet1",
                "primary": true,
                "private_ip_address": "10.1.1.4",
                "private_ip_address_allocation": "Dynamic",
                "private_ip_address_version": "IPv4",
                "public_ip_address_id": "/subscriptions/6f776ec4-6dc5-40b9-9eab-76aee8e4ebf7/resourceGroups/rg-djordje-terraform-practice/providers/Microsoft.Network/publicIPAddresses/vm-linux-terraform-practice-ip",
                "subnet_id": "/subscriptions/6f776ec4-6dc5-40b9-9eab-76aee8e4ebf7/resourceGroups/rg-djordje-terraform-practice/providers/Microsoft.Network/virtualNetworks/vm-linux-terraform-practice-vnet/subnets/subnet1"
              }
            ],
            "location": "westeurope",
            "mac_address": "",
            "name": "vm-linux-terraform-practice840",
            "private_ip_address": "10.1.1.4",
            "private_ip_addresses": [
              "10.1.1.4"
            ],
            "resource_group_name": "rg-djordje-terraform-practice",
            "tags": null,
            "timeouts": null,
            "virtual_machine_id": ""
          },
          "sensitive_attributes": [],
          "private": "eyJlMmJmYjczMC1lY2FhLTExZTYtOGY4OC0zNDM2M2JjN2M0YzAiOnsiY3JlYXRlIjoxODAwMDAwMDAwMDAwLCJkZWxldGUiOjE4MDAwMDAwMDAwMDAsInJlYWQiOjMwMDAwMDAwMDAwMCwidXBkYXRlIjoxODAwMDAwMDAwMDAwfX0=",
          "dependencies": [
            "azurerm_public_ip.pip",
            "azurerm_resource_group.rg",
            "azurerm_subnet.sn",
            "azurerm_virtual_network.vn"
          ]
        }
      ]
    },
    {
      "mode": "managed",
      "type": "azurerm_network_interface_security_group_association",
      "name": "example",
      "provider": "provider[\"registry.terraform.io/hashicorp/azurerm\"]",
      "instances": [
        {
          "schema_version": 0,
          "attributes": {
            "id": "/subscriptions/6f776ec4-6dc5-40b9-9eab-76aee8e4ebf7/resourceGroups/rg-djordje-terraform-practice/providers/Microsoft.Network/networkInterfaces/vm-linux-terraform-practice840|/subscriptions/6f776ec4-6dc5-40b9-9eab-76aee8e4ebf7/resourceGroups/rg-djordje-terraform-practice/providers/Microsoft.Network/networkSecurityGroups/vm-linux-terraform-practice-nsg",
            "network_interface_id": "/subscriptions/6f776ec4-6dc5-40b9-9eab-76aee8e4ebf7/resourceGroups/rg-djordje-terraform-practice/providers/Microsoft.Network/networkInterfaces/vm-linux-terraform-practice840",
            "network_security_group_id": "/subscriptions/6f776ec4-6dc5-40b9-9eab-76aee8e4ebf7/resourceGroups/rg-djordje-terraform-practice/providers/Microsoft.Network/networkSecurityGroups/vm-linux-terraform-practice-nsg",
            "timeouts": null
          },
          "sensitive_attributes": [],
          "private": "eyJlMmJmYjczMC1lY2FhLTExZTYtOGY4OC0zNDM2M2JjN2M0YzAiOnsiY3JlYXRlIjoxODAwMDAwMDAwMDAwLCJkZWxldGUiOjE4MDAwMDAwMDAwMDAsInJlYWQiOjMwMDAwMDAwMDAwMCwidXBkYXRlIjoxODAwMDAwMDAwMDAwfX0=",
          "dependencies": [
            "azurerm_network_interface.nic",
            "azurerm_network_security_group.nsg",
            "azurerm_public_ip.pip",
            "azurerm_resource_group.rg",
            "azurerm_subnet.sn",
            "azurerm_virtual_network.vn"
          ]
        }
      ]
    },
    {
      "mode": "managed",
      "type": "azurerm_network_security_group",
      "name": "nsg",
      "provider": "provider[\"registry.terraform.io/hashicorp/azurerm\"]",
      "instances": [
        {
          "schema_version": 0,
          "attributes": {
            "id": "/subscriptions/6f776ec4-6dc5-40b9-9eab-76aee8e4ebf7/resourceGroups/rg-djordje-terraform-practice/providers/Microsoft.Network/networkSecurityGroups/vm-linux-terraform-practice-nsg",
            "location": "westeurope",
            "name": "vm-linux-terraform-practice-nsg",
            "resource_group_name": "rg-djordje-terraform-practice",
            "security_rule": [
              {
                "access": "Allow",
                "description": "",
                "destination_address_prefix": "*",
                "destination_address_prefixes": [],
                "destination_application_security_group_ids": [],
                "destination_port_range": "22",
                "destination_port_ranges": [],
                "direction": "Inbound",
                "name": "SSH",
                "priority": 300,
                "protocol": "Tcp",
                "source_address_prefix": "*",
                "source_address_prefixes": [],
                "source_application_security_group_ids": [],
                "source_port_range": "*",
                "source_port_ranges": []
              },
              {
                "access": "Allow",
                "description": "",
                "destination_address_prefix": "*",
                "destination_address_prefixes": [],
                "destination_application_security_group_ids": [],
                "destination_port_range": "3000",
                "destination_port_ranges": [],
                "direction": "Inbound",
                "name": "AllowAnyCustom3000Inbound",
                "priority": 320,
                "protocol": "*",
                "source_address_prefix": "*",
                "source_address_prefixes": [],
                "source_application_security_group_ids": [],
                "source_port_range": "*",
                "source_port_ranges": []
              },
              {
                "access": "Allow",
                "description": "",
                "destination_address_prefix": "*",
                "destination_address_prefixes": [],
                "destination_application_security_group_ids": [],
                "destination_port_range": "8081",
                "destination_port_ranges": [],
                "direction": "Inbound",
                "name": "AllowAnyHTTPInbound",
                "priority": 310,
                "protocol": "*",
                "source_address_prefix": "*",
                "source_address_prefixes": [],
                "source_application_security_group_ids": [],
                "source_port_range": "*",
                "source_port_ranges": []
              }
            ],
            "tags": null,
            "timeouts": null
          },
          "sensitive_attributes": [],
          "private": "eyJlMmJmYjczMC1lY2FhLTExZTYtOGY4OC0zNDM2M2JjN2M0YzAiOnsiY3JlYXRlIjoxODAwMDAwMDAwMDAwLCJkZWxldGUiOjE4MDAwMDAwMDAwMDAsInJlYWQiOjMwMDAwMDAwMDAwMCwidXBkYXRlIjoxODAwMDAwMDAwMDAwfX0=",
          "dependencies": [
            "azurerm_resource_group.rg"
          ]
        }
      ]
    },
    {
      "mode": "managed",
      "type": "azurerm_public_ip",
      "name": "pip",
      "provider": "provider[\"registry.terraform.io/hashicorp/azurerm\"]",
      "instances": [
        {
          "schema_version": 0,
          "attributes": {
            "allocation_method": "Static",
            "domain_name_label": null,
            "edge_zone": "",
            "fqdn": null,
            "id": "/subscriptions/6f776ec4-6dc5-40b9-9eab-76aee8e4ebf7/resourceGroups/rg-djordje-terraform-practice/providers/Microsoft.Network/publicIPAddresses/vm-linux-terraform-practice-ip",
            "idle_timeout_in_minutes": 4,
            "ip_address": "20.123.204.248",
            "ip_tags": null,
            "ip_version": "IPv4",
            "location": "westeurope",
            "name": "vm-linux-terraform-practice-ip",
            "public_ip_prefix_id": null,
            "resource_group_name": "rg-djordje-terraform-practice",
            "reverse_fqdn": null,
            "sku": "Basic",
            "sku_tier": "Regional",
            "tags": null,
            "timeouts": null,
            "zones": null
          },
          "sensitive_attributes": [],
          "private": "eyJlMmJmYjczMC1lY2FhLTExZTYtOGY4OC0zNDM2M2JjN2M0YzAiOnsiY3JlYXRlIjoxODAwMDAwMDAwMDAwLCJkZWxldGUiOjE4MDAwMDAwMDAwMDAsInJlYWQiOjMwMDAwMDAwMDAwMCwidXBkYXRlIjoxODAwMDAwMDAwMDAwfX0=",
          "dependencies": [
            "azurerm_resource_group.rg"
          ]
        }
      ]
    },
    {
      "mode": "managed",
      "type": "azurerm_resource_group",
      "name": "rg",
      "provider": "provider[\"registry.terraform.io/hashicorp/azurerm\"]",
      "instances": [
        {
          "schema_version": 0,
          "attributes": {
            "id": "/subscriptions/6f776ec4-6dc5-40b9-9eab-76aee8e4ebf7/resourceGroups/rg-djordje-terraform-practice",
            "location": "westeurope",
            "name": "rg-djordje-terraform-practice",
            "tags": {
              "environment": "practice"
            },
            "timeouts": null
          },
          "sensitive_attributes": [],
          "private": "eyJlMmJmYjczMC1lY2FhLTExZTYtOGY4OC0zNDM2M2JjN2M0YzAiOnsiY3JlYXRlIjo1NDAwMDAwMDAwMDAwLCJkZWxldGUiOjU0MDAwMDAwMDAwMDAsInJlYWQiOjMwMDAwMDAwMDAwMCwidXBkYXRlIjo1NDAwMDAwMDAwMDAwfX0="
        }
      ]
    },
    {
      "mode": "managed",
      "type": "azurerm_subnet",
      "name": "sn",
      "provider": "provider[\"registry.terraform.io/hashicorp/azurerm\"]",
      "instances": [
        {
          "schema_version": 0,
          "attributes": {
            "address_prefixes": [
              "10.1.1.0/24"
            ],
            "delegation": [],
            "enforce_private_link_endpoint_network_policies": false,
            "enforce_private_link_service_network_policies": false,
            "id": "/subscriptions/6f776ec4-6dc5-40b9-9eab-76aee8e4ebf7/resourceGroups/rg-djordje-terraform-practice/providers/Microsoft.Network/virtualNetworks/vm-linux-terraform-practice-vnet/subnets/subnet1",
            "name": "subnet1",
            "resource_group_name": "rg-djordje-terraform-practice",
            "service_endpoint_policy_ids": null,
            "service_endpoints": null,
            "timeouts": null,
            "virtual_network_name": "vm-linux-terraform-practice-vnet"
          },
          "sensitive_attributes": [],
          "private": "eyJlMmJmYjczMC1lY2FhLTExZTYtOGY4OC0zNDM2M2JjN2M0YzAiOnsiY3JlYXRlIjoxODAwMDAwMDAwMDAwLCJkZWxldGUiOjE4MDAwMDAwMDAwMDAsInJlYWQiOjMwMDAwMDAwMDAwMCwidXBkYXRlIjoxODAwMDAwMDAwMDAwfX0=",
          "dependencies": [
            "azurerm_resource_group.rg",
            "azurerm_virtual_network.vn"
          ]
        }
      ]
    },
    {
      "mode": "managed",
      "type": "azurerm_virtual_machine",
      "name": "vm",
      "provider": "provider[\"registry.terraform.io/hashicorp/azurerm\"]",
      "instances": [
        {
          "schema_version": 0,
          "attributes": {
            "additional_capabilities": [],
            "availability_set_id": null,
            "boot_diagnostics": [],
            "delete_data_disks_on_termination": false,
            "delete_os_disk_on_termination": false,
            "id": "/subscriptions/6f776ec4-6dc5-40b9-9eab-76aee8e4ebf7/resourceGroups/rg-djordje-terraform-practice/providers/Microsoft.Compute/virtualMachines/vm-linux-terraform-practice",
            "identity": [],
            "license_type": null,
            "location": "westeurope",
            "name": "vm-linux-terraform-practice",
            "network_interface_ids": [
              "/subscriptions/6f776ec4-6dc5-40b9-9eab-76aee8e4ebf7/resourceGroups/rg-djordje-terraform-practice/providers/Microsoft.Network/networkInterfaces/vm-linux-terraform-practice840"
            ],
            "os_profile": [
              {
                "admin_password": "P9TdhP{#!#s\u003ePAA",
                "admin_username": "adminuser",
                "computer_name": "vm-linux-terraform-practice",
                "custom_data": "634954aafb6e081a39b857e7e8c636d6e3a717d5"
              }
            ],
            "os_profile_linux_config": [
              {
                "disable_password_authentication": false,
                "ssh_keys": []
              }
            ],
            "os_profile_secrets": [],
            "os_profile_windows_config": [],
            "plan": [],
            "primary_network_interface_id": null,
            "proximity_placement_group_id": null,
            "resource_group_name": "rg-djordje-terraform-practice",
            "storage_data_disk": [],
            "storage_image_reference": [
              {
                "id": "",
                "offer": "0001-com-ubuntu-server-focal",
                "publisher": "Canonical",
                "sku": "20_04-lts",
                "version": "latest"
              }
            ],
            "storage_os_disk": [
              {
                "caching": "ReadWrite",
                "create_option": "FromImage",
                "disk_size_gb": 30,
                "image_uri": "",
                "managed_disk_id": "/subscriptions/6f776ec4-6dc5-40b9-9eab-76aee8e4ebf7/resourceGroups/rg-djordje-terraform-practice/providers/Microsoft.Compute/disks/vm-linux-practice_OsDisk_1_54642ddd2025432d99ae716dd0b2a728",
                "managed_disk_type": "Standard_LRS",
                "name": "vm-linux-practice_OsDisk_1_54642ddd2025432d99ae716dd0b2a728",
                "os_type": "Linux",
                "vhd_uri": "",
                "write_accelerator_enabled": false
              }
            ],
            "tags": null,
            "timeouts": null,
            "vm_size": "Standard_D2ls_v5",
            "zones": null
          },
          "sensitive_attributes": [],
          "private": "eyJlMmJmYjczMC1lY2FhLTExZTYtOGY4OC0zNDM2M2JjN2M0YzAiOnsiY3JlYXRlIjozNjAwMDAwMDAwMDAwLCJkZWxldGUiOjM2MDAwMDAwMDAwMDAsInJlYWQiOjMwMDAwMDAwMDAwMCwidXBkYXRlIjozNjAwMDAwMDAwMDAwfX0=",
          "dependencies": [
            "azurerm_network_interface.nic",
            "azurerm_public_ip.pip",
            "azurerm_resource_group.rg",
            "azurerm_subnet.sn",
            "azurerm_virtual_network.vn"
          ]
        }
      ]
    },
    {
      "mode": "managed",
      "type": "azurerm_virtual_network",
      "name": "vn",
      "provider": "provider[\"registry.terraform.io/hashicorp/azurerm\"]",
      "instances": [
        {
          "schema_version": 0,
          "attributes": {
            "address_space": [
              "10.1.0.0/16"
            ],
            "bgp_community": "",
            "ddos_protection_plan": [],
            "dns_servers": [],
            "edge_zone": "",
            "flow_timeout_in_minutes": 0,
            "guid": "a31428d3-5a2c-4d45-b462-1eb6cebab0fe",
            "id": "/subscriptions/6f776ec4-6dc5-40b9-9eab-76aee8e4ebf7/resourceGroups/rg-djordje-terraform-practice/providers/Microsoft.Network/virtualNetworks/vm-linux-terraform-practice-vnet",
            "location": "westeurope",
            "name": "vm-linux-terraform-practice-vnet",
            "resource_group_name": "rg-djordje-terraform-practice",
            "subnet": [],
            "tags": null,
            "timeouts": null
          },
          "sensitive_attributes": [],
          "private": "eyJlMmJmYjczMC1lY2FhLTExZTYtOGY4OC0zNDM2M2JjN2M0YzAiOnsiY3JlYXRlIjoxODAwMDAwMDAwMDAwLCJkZWxldGUiOjE4MDAwMDAwMDAwMDAsInJlYWQiOjMwMDAwMDAwMDAwMCwidXBkYXRlIjoxODAwMDAwMDAwMDAwfX0=",
          "dependencies": [
            "azurerm_resource_group.rg"
          ]
        }
      ]
    }
  ],
  "check_results": null
}
